// !$*UTF8*$!
{
	archiveVersion = 1;
	classes = {
	};
	objectVersion = 56;
	objects = {

/* Begin PBXBuildFile section */
		D30329152ACB440300A43DEB /* CirclesRotationsView.swift in Sources */ = {isa = PBXBuildFile; fileRef = D30329142ACB440200A43DEB /* CirclesRotationsView.swift */; };
		D34674942BDAB5B600D967E2 /* BarLoaderView.swift in Sources */ = {isa = PBXBuildFile; fileRef = D34674932BDAB5B600D967E2 /* BarLoaderView.swift */; };
		D34AA3B92BCBA6A90076D619 /* RotatingDotsView.swift in Sources */ = {isa = PBXBuildFile; fileRef = D34AA3B82BCBA6A90076D619 /* RotatingDotsView.swift */; };
		D3944AB72A9923A8009F6BF0 /* StarsBlinkView.swift in Sources */ = {isa = PBXBuildFile; fileRef = D3944AAD2A9923A7009F6BF0 /* StarsBlinkView.swift */; };
		D3944AB82A9923A8009F6BF0 /* RectRotationView.swift in Sources */ = {isa = PBXBuildFile; fileRef = D3944AAE2A9923A7009F6BF0 /* RectRotationView.swift */; };
		D3944AB92A9923A8009F6BF0 /* RingsAnimationView.swift in Sources */ = {isa = PBXBuildFile; fileRef = D3944AAF2A9923A7009F6BF0 /* RingsAnimationView.swift */; };
		D3944ABA2A9923A8009F6BF0 /* TriangleAnimation.swift in Sources */ = {isa = PBXBuildFile; fileRef = D3944AB02A9923A7009F6BF0 /* TriangleAnimation.swift */; };
		D3944ABB2A9923A8009F6BF0 /* CiclesTransView3D.swift in Sources */ = {isa = PBXBuildFile; fileRef = D3944AB12A9923A8009F6BF0 /* CiclesTransView3D.swift */; };
		D3944ABC2A9923A8009F6BF0 /* GooglePhotosLogoAnim.swift in Sources */ = {isa = PBXBuildFile; fileRef = D3944AB22A9923A8009F6BF0 /* GooglePhotosLogoAnim.swift */; };
		D3944ABD2A9923A8009F6BF0 /* DotsAnimPreview.swift in Sources */ = {isa = PBXBuildFile; fileRef = D3944AB32A9923A8009F6BF0 /* DotsAnimPreview.swift */; };
		D3944ABE2A9923A8009F6BF0 /* TimerView.swift in Sources */ = {isa = PBXBuildFile; fileRef = D3944AB42A9923A8009F6BF0 /* TimerView.swift */; };
		D3944ABF2A9923A8009F6BF0 /* TriangleMultiShapeUIView.swift in Sources */ = {isa = PBXBuildFile; fileRef = D3944AB52A9923A8009F6BF0 /* TriangleMultiShapeUIView.swift */; };
		D3944AC02A9923A8009F6BF0 /* BatteryAnimation.swift in Sources */ = {isa = PBXBuildFile; fileRef = D3944AB62A9923A8009F6BF0 /* BatteryAnimation.swift */; };
		D3944AC22A992800009F6BF0 /* SpiralView.swift in Sources */ = {isa = PBXBuildFile; fileRef = D3944AC12A992800009F6BF0 /* SpiralView.swift */; };
		D3944AC42A9928A8009F6BF0 /* FireworksView.swift in Sources */ = {isa = PBXBuildFile; fileRef = D3944AC32A9928A8009F6BF0 /* FireworksView.swift */; };
		D39976DA2B68159D0015F88B /* DotsAnimationView.swift in Sources */ = {isa = PBXBuildFile; fileRef = D39976D92B68159D0015F88B /* DotsAnimationView.swift */; };
		D3A0B8872EB91C0C009C2D35 /* FloatingView.swift in Sources */ = {isa = PBXBuildFile; fileRef = D3A0B8842EB91C0C009C2D35 /* FloatingView.swift */; };
		D3A0B8882EB91C0C009C2D35 /* FullScreenDotFieldContinuous.swift in Sources */ = {isa = PBXBuildFile; fileRef = D3A0B8852EB91C0C009C2D35 /* FullScreenDotFieldContinuous.swift */; };
		D3A0B8892EB91C0C009C2D35 /* MultiOrbitView+TwoFinger.swift in Sources */ = {isa = PBXBuildFile; fileRef = D3A0B8862EB91C0C009C2D35 /* MultiOrbitView+TwoFinger.swift */; };
		D3A0B88A2EB91C0C009C2D35 /* FlashingButtonView.swift in Sources */ = {isa = PBXBuildFile; fileRef = D3A0B8832EB91C0C009C2D35 /* FlashingButtonView.swift */; };
		D3A0B88B2EB91C0C009C2D35 /* Buttons.swift in Sources */ = {isa = PBXBuildFile; fileRef = D3A0B8822EB91C0C009C2D35 /* Buttons.swift */; };
		D3A8B66B2A965F69005E69D4 /* legendary_AnimoApp.swift in Sources */ = {isa = PBXBuildFile; fileRef = D3A8B66A2A965F69005E69D4 /* legendary_AnimoApp.swift */; };
		D3A8B66D2A965F69005E69D4 /* ContentView.swift in Sources */ = {isa = PBXBuildFile; fileRef = D3A8B66C2A965F69005E69D4 /* ContentView.swift */; };
		D3A8B66F2A965F6B005E69D4 /* Assets.xcassets in Resources */ = {isa = PBXBuildFile; fileRef = D3A8B66E2A965F6B005E69D4 /* Assets.xcassets */; };
		D3A8B6722A965F6B005E69D4 /* Preview Assets.xcassets in Resources */ = {isa = PBXBuildFile; fileRef = D3A8B6712A965F6B005E69D4 /* Preview Assets.xcassets */; };
		D3A8B68D2A96778D005E69D4 /* Row.swift in Sources */ = {isa = PBXBuildFile; fileRef = D3A8B68C2A96778D005E69D4 /* Row.swift */; };
		D3A8B68F2A97C813005E69D4 /* gifs in Resources */ = {isa = PBXBuildFile; fileRef = D3A8B68E2A97C813005E69D4 /* gifs */; };
		D3EEB55E2A9A0E0A00528701 /* CirclesView.swift in Sources */ = {isa = PBXBuildFile; fileRef = D3EEB55D2A9A0E0A00528701 /* CirclesView.swift */; };
		D3F48AF42E8937BE0011A526 /* Circles3D.swift in Sources */ = {isa = PBXBuildFile; fileRef = D3F48AF32E8937B40011A526 /* Circles3D.swift */; };
		D3F48BC22E8D27050011A526 /* ChipsDrags.swift in Sources */ = {isa = PBXBuildFile; fileRef = D3F48BC12E8D27000011A526 /* ChipsDrags.swift */; };
/* End PBXBuildFile section */

/* Begin PBXFileReference section */
		D30329142ACB440200A43DEB /* CirclesRotationsView.swift */ = {isa = PBXFileReference; fileEncoding = 4; lastKnownFileType = sourcecode.swift; path = CirclesRotationsView.swift; sourceTree = "<group>"; };
		D34674932BDAB5B600D967E2 /* BarLoaderView.swift */ = {isa = PBXFileReference; lastKnownFileType = sourcecode.swift; path = BarLoaderView.swift; sourceTree = "<group>"; };
		D34AA3B82BCBA6A90076D619 /* RotatingDotsView.swift */ = {isa = PBXFileReference; lastKnownFileType = sourcecode.swift; path = RotatingDotsView.swift; sourceTree = "<group>"; };
		D3944AAD2A9923A7009F6BF0 /* StarsBlinkView.swift */ = {isa = PBXFileReference; fileEncoding = 4; lastKnownFileType = sourcecode.swift; path = StarsBlinkView.swift; sourceTree = "<group>"; };
		D3944AAE2A9923A7009F6BF0 /* RectRotationView.swift */ = {isa = PBXFileReference; fileEncoding = 4; lastKnownFileType = sourcecode.swift; path = RectRotationView.swift; sourceTree = "<group>"; };
		D3944AAF2A9923A7009F6BF0 /* RingsAnimationView.swift */ = {isa = PBXFileReference; fileEncoding = 4; lastKnownFileType = sourcecode.swift; path = RingsAnimationView.swift; sourceTree = "<group>"; };
		D3944AB02A9923A7009F6BF0 /* TriangleAnimation.swift */ = {isa = PBXFileReference; fileEncoding = 4; lastKnownFileType = sourcecode.swift; path = TriangleAnimation.swift; sourceTree = "<group>"; };
		D3944AB12A9923A8009F6BF0 /* CiclesTransView3D.swift */ = {isa = PBXFileReference; fileEncoding = 4; lastKnownFileType = sourcecode.swift; path = CiclesTransView3D.swift; sourceTree = "<group>"; };
		D3944AB22A9923A8009F6BF0 /* GooglePhotosLogoAnim.swift */ = {isa = PBXFileReference; fileEncoding = 4; lastKnownFileType = sourcecode.swift; path = GooglePhotosLogoAnim.swift; sourceTree = "<group>"; };
		D3944AB32A9923A8009F6BF0 /* DotsAnimPreview.swift */ = {isa = PBXFileReference; fileEncoding = 4; lastKnownFileType = sourcecode.swift; path = DotsAnimPreview.swift; sourceTree = "<group>"; };
		D3944AB42A9923A8009F6BF0 /* TimerView.swift */ = {isa = PBXFileReference; fileEncoding = 4; lastKnownFileType = sourcecode.swift; path = TimerView.swift; sourceTree = "<group>"; };
		D3944AB52A9923A8009F6BF0 /* TriangleMultiShapeUIView.swift */ = {isa = PBXFileReference; fileEncoding = 4; lastKnownFileType = sourcecode.swift; path = TriangleMultiShapeUIView.swift; sourceTree = "<group>"; };
		D3944AB62A9923A8009F6BF0 /* BatteryAnimation.swift */ = {isa = PBXFileReference; fileEncoding = 4; lastKnownFileType = sourcecode.swift; path = BatteryAnimation.swift; sourceTree = "<group>"; };
		D3944AC12A992800009F6BF0 /* SpiralView.swift */ = {isa = PBXFileReference; fileEncoding = 4; lastKnownFileType = sourcecode.swift; path = SpiralView.swift; sourceTree = "<group>"; };
		D3944AC32A9928A8009F6BF0 /* FireworksView.swift */ = {isa = PBXFileReference; fileEncoding = 4; lastKnownFileType = sourcecode.swift; path = FireworksView.swift; sourceTree = "<group>"; };
		D39976D92B68159D0015F88B /* DotsAnimationView.swift */ = {isa = PBXFileReference; lastKnownFileType = sourcecode.swift; path = DotsAnimationView.swift; sourceTree = "<group>"; };
		D3A0B8822EB91C0C009C2D35 /* Buttons.swift */ = {isa = PBXFileReference; lastKnownFileType = sourcecode.swift; path = Buttons.swift; sourceTree = "<group>"; };
		D3A0B8832EB91C0C009C2D35 /* FlashingButtonView.swift */ = {isa = PBXFileReference; lastKnownFileType = sourcecode.swift; path = FlashingButtonView.swift; sourceTree = "<group>"; };
		D3A0B8842EB91C0C009C2D35 /* FloatingView.swift */ = {isa = PBXFileReference; lastKnownFileType = sourcecode.swift; path = FloatingView.swift; sourceTree = "<group>"; };
		D3A0B8852EB91C0C009C2D35 /* FullScreenDotFieldContinuous.swift */ = {isa = PBXFileReference; lastKnownFileType = sourcecode.swift; path = FullScreenDotFieldContinuous.swift; sourceTree = "<group>"; };
		D3A0B8862EB91C0C009C2D35 /* MultiOrbitView+TwoFinger.swift */ = {isa = PBXFileReference; lastKnownFileType = sourcecode.swift; path = "MultiOrbitView+TwoFinger.swift"; sourceTree = "<group>"; };
		D3A8B6672A965F69005E69D4 /* legendary-Animo.app */ = {isa = PBXFileReference; explicitFileType = wrapper.application; includeInIndex = 0; path = "legendary-Animo.app"; sourceTree = BUILT_PRODUCTS_DIR; };
		D3A8B66A2A965F69005E69D4 /* legendary_AnimoApp.swift */ = {isa = PBXFileReference; lastKnownFileType = sourcecode.swift; path = legendary_AnimoApp.swift; sourceTree = "<group>"; };
		D3A8B66C2A965F69005E69D4 /* ContentView.swift */ = {isa = PBXFileReference; lastKnownFileType = sourcecode.swift; path = ContentView.swift; sourceTree = "<group>"; };
		D3A8B66E2A965F6B005E69D4 /* Assets.xcassets */ = {isa = PBXFileReference; lastKnownFileType = folder.assetcatalog; path = Assets.xcassets; sourceTree = "<group>"; };
		D3A8B6712A965F6B005E69D4 /* Preview Assets.xcassets */ = {isa = PBXFileReference; lastKnownFileType = folder.assetcatalog; path = "Preview Assets.xcassets"; sourceTree = "<group>"; };
		D3A8B68C2A96778D005E69D4 /* Row.swift */ = {isa = PBXFileReference; lastKnownFileType = sourcecode.swift; path = Row.swift; sourceTree = "<group>"; };
		D3A8B68E2A97C813005E69D4 /* gifs */ = {isa = PBXFileReference; fileEncoding = 4; lastKnownFileType = text; path = gifs; sourceTree = SOURCE_ROOT; };
		D3EEB55D2A9A0E0A00528701 /* CirclesView.swift */ = {isa = PBXFileReference; fileEncoding = 4; lastKnownFileType = sourcecode.swift; path = CirclesView.swift; sourceTree = "<group>"; };
		D3F48AF32E8937B40011A526 /* Circles3D.swift */ = {isa = PBXFileReference; lastKnownFileType = sourcecode.swift; path = Circles3D.swift; sourceTree = "<group>"; };
		D3F48BC12E8D27000011A526 /* ChipsDrags.swift */ = {isa = PBXFileReference; lastKnownFileType = sourcecode.swift; path = ChipsDrags.swift; sourceTree = "<group>"; };
/* End PBXFileReference section */

/* Begin PBXFrameworksBuildPhase section */
		D3A8B6642A965F69005E69D4 /* Frameworks */ = {
			isa = PBXFrameworksBuildPhase;
			buildActionMask = 2147483647;
			files = (
			);
			runOnlyForDeploymentPostprocessing = 0;
		};
/* End PBXFrameworksBuildPhase section */

/* Begin PBXGroup section */
		D3944AAC2A992378009F6BF0 /* Animations */ = {
			isa = PBXGroup;
			children = (
				D3A0B8822EB91C0C009C2D35 /* Buttons.swift */,
				D3A0B8832EB91C0C009C2D35 /* FlashingButtonView.swift */,
				D3A0B8842EB91C0C009C2D35 /* FloatingView.swift */,
				D3A0B8852EB91C0C009C2D35 /* FullScreenDotFieldContinuous.swift */,
				D3A0B8862EB91C0C009C2D35 /* MultiOrbitView+TwoFinger.swift */,
				D3F48BC12E8D27000011A526 /* ChipsDrags.swift */,
				D3F48AF32E8937B40011A526 /* Circles3D.swift */,
				D3944AB62A9923A8009F6BF0 /* BatteryAnimation.swift */,
				D3944AB12A9923A8009F6BF0 /* CiclesTransView3D.swift */,
				D3EEB55D2A9A0E0A00528701 /* CirclesView.swift */,
				D3944AB32A9923A8009F6BF0 /* DotsAnimPreview.swift */,
				D3944AB22A9923A8009F6BF0 /* GooglePhotosLogoAnim.swift */,
				D3944AAE2A9923A7009F6BF0 /* RectRotationView.swift */,
				D3944AAF2A9923A7009F6BF0 /* RingsAnimationView.swift */,
				D3944AAD2A9923A7009F6BF0 /* StarsBlinkView.swift */,
				D3944AB42A9923A8009F6BF0 /* TimerView.swift */,
				D3944AB02A9923A7009F6BF0 /* TriangleAnimation.swift */,
				D3944AB52A9923A8009F6BF0 /* TriangleMultiShapeUIView.swift */,
				D3944AC12A992800009F6BF0 /* SpiralView.swift */,
				D3944AC32A9928A8009F6BF0 /* FireworksView.swift */,
				D30329142ACB440200A43DEB /* CirclesRotationsView.swift */,
				D39976D92B68159D0015F88B /* DotsAnimationView.swift */,
				D34AA3B82BCBA6A90076D619 /* RotatingDotsView.swift */,
				D34674932BDAB5B600D967E2 /* BarLoaderView.swift */,
			);
			path = Animations;
			sourceTree = "<group>";
		};
		D3A8B65E2A965F69005E69D4 = {
			isa = PBXGroup;
			children = (
				D3A8B6692A965F69005E69D4 /* legendary-Animo */,
				D3A8B6682A965F69005E69D4 /* Products */,
			);
			sourceTree = "<group>";
		};
		D3A8B6682A965F69005E69D4 /* Products */ = {
			isa = PBXGroup;
			children = (
				D3A8B6672A965F69005E69D4 /* legendary-Animo.app */,
			);
			name = Products;
			sourceTree = "<group>";
		};
		D3A8B6692A965F69005E69D4 /* legendary-Animo */ = {
			isa = PBXGroup;
			children = (
				D3A8B66A2A965F69005E69D4 /* legendary_AnimoApp.swift */,
				D3A8B66C2A965F69005E69D4 /* ContentView.swift */,
				D3A8B68C2A96778D005E69D4 /* Row.swift */,
				D3944AAC2A992378009F6BF0 /* Animations */,
				D3A8B66E2A965F6B005E69D4 /* Assets.xcassets */,
				D3A8B68E2A97C813005E69D4 /* gifs */,
				D3A8B6702A965F6B005E69D4 /* Preview Content */,
			);
			path = "legendary-Animo";
			sourceTree = "<group>";
		};
		D3A8B6702A965F6B005E69D4 /* Preview Content */ = {
			isa = PBXGroup;
			children = (
				D3A8B6712A965F6B005E69D4 /* Preview Assets.xcassets */,
			);
			path = "Preview Content";
			sourceTree = "<group>";
		};
/* End PBXGroup section */

/* Begin PBXNativeTarget section */
		D3A8B6662A965F69005E69D4 /* legendary-Animo */ = {
			isa = PBXNativeTarget;
			buildConfigurationList = D3A8B6752A965F6B005E69D4 /* Build configuration list for PBXNativeTarget "legendary-Animo" */;
			buildPhases = (
				D3A8B6632A965F69005E69D4 /* Sources */,
				D3A8B6642A965F69005E69D4 /* Frameworks */,
				D3A8B6652A965F69005E69D4 /* Resources */,
			);
			buildRules = (
			);
			dependencies = (
			);
			name = "legendary-Animo";
			productName = "legendary-Animo";
			productReference = D3A8B6672A965F69005E69D4 /* legendary-Animo.app */;
			productType = "com.apple.product-type.application";
		};
/* End PBXNativeTarget section */

/* Begin PBXProject section */
		D3A8B65F2A965F69005E69D4 /* Project object */ = {
			isa = PBXProject;
			attributes = {
				BuildIndependentTargetsInParallel = 1;
				LastSwiftUpdateCheck = 1500;
				LastUpgradeCheck = 1500;
				TargetAttributes = {
					D3A8B6662A965F69005E69D4 = {
						CreatedOnToolsVersion = 15.0;
					};
				};
			};
			buildConfigurationList = D3A8B6622A965F69005E69D4 /* Build configuration list for PBXProject "legendary-Animo" */;
			compatibilityVersion = "Xcode 14.0";
			developmentRegion = en;
			hasScannedForEncodings = 0;
			knownRegions = (
				en,
				Base,
			);
			mainGroup = D3A8B65E2A965F69005E69D4;
			productRefGroup = D3A8B6682A965F69005E69D4 /* Products */;
			projectDirPath = "";
			projectRoot = "";
			targets = (
				D3A8B6662A965F69005E69D4 /* legendary-Animo */,
			);
		};
/* End PBXProject section */

/* Begin PBXResourcesBuildPhase section */
		D3A8B6652A965F69005E69D4 /* Resources */ = {
			isa = PBXResourcesBuildPhase;
			buildActionMask = 2147483647;
			files = (
				D3A8B68F2A97C813005E69D4 /* gifs in Resources */,
				D3A8B6722A965F6B005E69D4 /* Preview Assets.xcassets in Resources */,
				D3A8B66F2A965F6B005E69D4 /* Assets.xcassets in Resources */,
			);
			runOnlyForDeploymentPostprocessing = 0;
		};
/* End PBXResourcesBuildPhase section */

/* Begin PBXSourcesBuildPhase section */
		D3A8B6632A965F69005E69D4 /* Sources */ = {
			isa = PBXSourcesBuildPhase;
			buildActionMask = 2147483647;
			files = (
				D3944ABE2A9923A8009F6BF0 /* TimerView.swift in Sources */,
				D3944AB92A9923A8009F6BF0 /* RingsAnimationView.swift in Sources */,
				D3F48AF42E8937BE0011A526 /* Circles3D.swift in Sources */,
				D3A0B8872EB91C0C009C2D35 /* FloatingView.swift in Sources */,
				D3A0B8882EB91C0C009C2D35 /* FullScreenDotFieldContinuous.swift in Sources */,
				D3A0B8892EB91C0C009C2D35 /* MultiOrbitView+TwoFinger.swift in Sources */,
				D3A0B88A2EB91C0C009C2D35 /* FlashingButtonView.swift in Sources */,
				D3A0B88B2EB91C0C009C2D35 /* Buttons.swift in Sources */,
				D3F48BC22E8D27050011A526 /* ChipsDrags.swift in Sources */,
				D34AA3B92BCBA6A90076D619 /* RotatingDotsView.swift in Sources */,
				D3A8B66D2A965F69005E69D4 /* ContentView.swift in Sources */,
				D3A8B68D2A96778D005E69D4 /* Row.swift in Sources */,
				D3944AC02A9923A8009F6BF0 /* BatteryAnimation.swift in Sources */,
				D39976DA2B68159D0015F88B /* DotsAnimationView.swift in Sources */,
				D3944ABA2A9923A8009F6BF0 /* TriangleAnimation.swift in Sources */,
				D3944ABF2A9923A8009F6BF0 /* TriangleMultiShapeUIView.swift in Sources */,
				D3A8B66B2A965F69005E69D4 /* legendary_AnimoApp.swift in Sources */,
				D3944ABB2A9923A8009F6BF0 /* CiclesTransView3D.swift in Sources */,
				D3944AB72A9923A8009F6BF0 /* StarsBlinkView.swift in Sources */,
				D3944AB82A9923A8009F6BF0 /* RectRotationView.swift in Sources */,
				D34674942BDAB5B600D967E2 /* BarLoaderView.swift in Sources */,
				D3944ABD2A9923A8009F6BF0 /* DotsAnimPreview.swift in Sources */,
				D3EEB55E2A9A0E0A00528701 /* CirclesView.swift in Sources */,
				D3944AC42A9928A8009F6BF0 /* FireworksView.swift in Sources */,
				D3944ABC2A9923A8009F6BF0 /* GooglePhotosLogoAnim.swift in Sources */,
				D3944AC22A992800009F6BF0 /* SpiralView.swift in Sources */,
				D30329152ACB440300A43DEB /* CirclesRotationsView.swift in Sources */,
			);
			runOnlyForDeploymentPostprocessing = 0;
		};
/* End PBXSourcesBuildPhase section */

/* Begin XCBuildConfiguration section */
		D3A8B6732A965F6B005E69D4 /* Debug */ = {
			isa = XCBuildConfiguration;
			buildSettings = {
				ALWAYS_SEARCH_USER_PATHS = NO;
				ASSETCATALOG_COMPILER_GENERATE_SWIFT_ASSET_SYMBOL_EXTENSIONS = YES;
				CLANG_ANALYZER_NONNULL = YES;
				CLANG_ANALYZER_NUMBER_OBJECT_CONVERSION = YES_AGGRESSIVE;
				CLANG_CXX_LANGUAGE_STANDARD = "gnu++20";
				CLANG_ENABLE_MODULES = YES;
				CLANG_ENABLE_OBJC_ARC = YES;
				CLANG_ENABLE_OBJC_WEAK = YES;
				CLANG_WARN_BLOCK_CAPTURE_AUTORELEASING = YES;
				CLANG_WARN_BOOL_CONVERSION = YES;
				CLANG_WARN_COMMA = YES;
				CLANG_WARN_CONSTANT_CONVERSION = YES;
				CLANG_WARN_DEPRECATED_OBJC_IMPLEMENTATIONS = YES;
				CLANG_WARN_DIRECT_OBJC_ISA_USAGE = YES_ERROR;
				CLANG_WARN_DOCUMENTATION_COMMENTS = YES;
				CLANG_WARN_EMPTY_BODY = YES;
				CLANG_WARN_ENUM_CONVERSION = YES;
				CLANG_WARN_INFINITE_RECURSION = YES;
				CLANG_WARN_INT_CONVERSION = YES;
				CLANG_WARN_NON_LITERAL_NULL_CONVERSION = YES;
				CLANG_WARN_OBJC_IMPLICIT_RETAIN_SELF = YES;
				CLANG_WARN_OBJC_LITERAL_CONVERSION = YES;
				CLANG_WARN_OBJC_ROOT_CLASS = YES_ERROR;
				CLANG_WARN_QUOTED_INCLUDE_IN_FRAMEWORK_HEADER = YES;
				CLANG_WARN_RANGE_LOOP_ANALYSIS = YES;
				CLANG_WARN_STRICT_PROTOTYPES = YES;
				CLANG_WARN_SUSPICIOUS_MOVE = YES;
				CLANG_WARN_UNGUARDED_AVAILABILITY = YES_AGGRESSIVE;
				CLANG_WARN_UNREACHABLE_CODE = YES;
				CLANG_WARN__DUPLICATE_METHOD_MATCH = YES;
				COPY_PHASE_STRIP = NO;
				DEBUG_INFORMATION_FORMAT = dwarf;
				ENABLE_STRICT_OBJC_MSGSEND = YES;
				ENABLE_TESTABILITY = YES;
				ENABLE_USER_SCRIPT_SANDBOXING = YES;
				GCC_C_LANGUAGE_STANDARD = gnu17;
				GCC_DYNAMIC_NO_PIC = NO;
				GCC_NO_COMMON_BLOCKS = YES;
				GCC_OPTIMIZATION_LEVEL = 0;
				GCC_PREPROCESSOR_DEFINITIONS = (
					"DEBUG=1",
					"$(inherited)",
				);
				GCC_WARN_64_TO_32_BIT_CONVERSION = YES;
				GCC_WARN_ABOUT_RETURN_TYPE = YES_ERROR;
				GCC_WARN_UNDECLARED_SELECTOR = YES;
				GCC_WARN_UNINITIALIZED_AUTOS = YES_AGGRESSIVE;
				GCC_WARN_UNUSED_FUNCTION = YES;
				GCC_WARN_UNUSED_VARIABLE = YES;
				IPHONEOS_DEPLOYMENT_TARGET = 17.0;
				LOCALIZATION_PREFERS_STRING_CATALOGS = YES;
				MTL_ENABLE_DEBUG_INFO = INCLUDE_SOURCE;
				MTL_FAST_MATH = YES;
				ONLY_ACTIVE_ARCH = YES;
				SDKROOT = iphoneos;
				SWIFT_ACTIVE_COMPILATION_CONDITIONS = "DEBUG $(inherited)";
				SWIFT_OPTIMIZATION_LEVEL = "-Onone";
			};
			name = Debug;
		};
		D3A8B6742A965F6B005E69D4 /* Release */ = {
			isa = XCBuildConfiguration;
			buildSettings = {
				ALWAYS_SEARCH_USER_PATHS = NO;
				ASSETCATALOG_COMPILER_GENERATE_SWIFT_ASSET_SYMBOL_EXTENSIONS = YES;
				CLANG_ANALYZER_NONNULL = YES;
				CLANG_ANALYZER_NUMBER_OBJECT_CONVERSION = YES_AGGRESSIVE;
				CLANG_CXX_LANGUAGE_STANDARD = "gnu++20";
				CLANG_ENABLE_MODULES = YES;
				CLANG_ENABLE_OBJC_ARC = YES;
				CLANG_ENABLE_OBJC_WEAK = YES;
				CLANG_WARN_BLOCK_CAPTURE_AUTORELEASING = YES;
				CLANG_WARN_BOOL_CONVERSION = YES;
				CLANG_WARN_COMMA = YES;
				CLANG_WARN_CONSTANT_CONVERSION = YES;
				CLANG_WARN_DEPRECATED_OBJC_IMPLEMENTATIONS = YES;
				CLANG_WARN_DIRECT_OBJC_ISA_USAGE = YES_ERROR;
				CLANG_WARN_DOCUMENTATION_COMMENTS = YES;
				CLANG_WARN_EMPTY_BODY = YES;
				CLANG_WARN_ENUM_CONVERSION = YES;
				CLANG_WARN_INFINITE_RECURSION = YES;
				CLANG_WARN_INT_CONVERSION = YES;
				CLANG_WARN_NON_LITERAL_NULL_CONVERSION = YES;
				CLANG_WARN_OBJC_IMPLICIT_RETAIN_SELF = YES;
				CLANG_WARN_OBJC_LITERAL_CONVERSION = YES;
				CLANG_WARN_OBJC_ROOT_CLASS = YES_ERROR;
				CLANG_WARN_QUOTED_INCLUDE_IN_FRAMEWORK_HEADER = YES;
				CLANG_WARN_RANGE_LOOP_ANALYSIS = YES;
				CLANG_WARN_STRICT_PROTOTYPES = YES;
				CLANG_WARN_SUSPICIOUS_MOVE = YES;
				CLANG_WARN_UNGUARDED_AVAILABILITY = YES_AGGRESSIVE;
				CLANG_WARN_UNREACHABLE_CODE = YES;
				CLANG_WARN__DUPLICATE_METHOD_MATCH = YES;
				COPY_PHASE_STRIP = NO;
				DEBUG_INFORMATION_FORMAT = "dwarf-with-dsym";
				ENABLE_NS_ASSERTIONS = NO;
				ENABLE_STRICT_OBJC_MSGSEND = YES;
				ENABLE_USER_SCRIPT_SANDBOXING = YES;
				GCC_C_LANGUAGE_STANDARD = gnu17;
				GCC_NO_COMMON_BLOCKS = YES;
				GCC_WARN_64_TO_32_BIT_CONVERSION = YES;
				GCC_WARN_ABOUT_RETURN_TYPE = YES_ERROR;
				GCC_WARN_UNDECLARED_SELECTOR = YES;
				GCC_WARN_UNINITIALIZED_AUTOS = YES_AGGRESSIVE;
				GCC_WARN_UNUSED_FUNCTION = YES;
				GCC_WARN_UNUSED_VARIABLE = YES;
				IPHONEOS_DEPLOYMENT_TARGET = 17.0;
				LOCALIZATION_PREFERS_STRING_CATALOGS = YES;
				MTL_ENABLE_DEBUG_INFO = NO;
				MTL_FAST_MATH = YES;
				SDKROOT = iphoneos;
				SWIFT_COMPILATION_MODE = wholemodule;
				VALIDATE_PRODUCT = YES;
			};
			name = Release;
		};
		D3A8B6762A965F6B005E69D4 /* Debug */ = {
			isa = XCBuildConfiguration;
			buildSettings = {
				ASSETCATALOG_COMPILER_APPICON_NAME = AppIcon;
				ASSETCATALOG_COMPILER_GLOBAL_ACCENT_COLOR_NAME = AccentColor;
				CODE_SIGN_STYLE = Automatic;
				CURRENT_PROJECT_VERSION = 1;
				DEVELOPMENT_ASSET_PATHS = "\"legendary-Animo/Preview Content\"";
				DEVELOPMENT_TEAM = RCBAHMPTTF;
				ENABLE_PREVIEWS = YES;
				GENERATE_INFOPLIST_FILE = YES;
				INFOPLIST_KEY_UIApplicationSceneManifest_Generation = YES;
				INFOPLIST_KEY_UIApplicationSupportsIndirectInputEvents = YES;
				INFOPLIST_KEY_UILaunchScreen_Generation = YES;
				INFOPLIST_KEY_UISupportedInterfaceOrientations_iPad = "UIInterfaceOrientationPortrait UIInterfaceOrientationPortraitUpsideDown UIInterfaceOrientationLandscapeLeft UIInterfaceOrientationLandscapeRight";
				INFOPLIST_KEY_UISupportedInterfaceOrientations_iPhone = "UIInterfaceOrientationPortrait UIInterfaceOrientationLandscapeLeft UIInterfaceOrientationLandscapeRight";
				IPHONEOS_DEPLOYMENT_TARGET = 17.0;
				LD_RUNPATH_SEARCH_PATHS = (
					"$(inherited)",
					"@executable_path/Frameworks",
				);
				MARKETING_VERSION = 1.0;
				PRODUCT_BUNDLE_IDENTIFIER = "vapps.legendary-Animo";
				PRODUCT_NAME = "$(TARGET_NAME)";
				SWIFT_EMIT_LOC_STRINGS = YES;
				SWIFT_VERSION = 5.0;
				TARGETED_DEVICE_FAMILY = "1,2";
			};
			name = Debug;
		};
		D3A8B6772A965F6B005E69D4 /* Release */ = {
			isa = XCBuildConfiguration;
			buildSettings = {
				ASSETCATALOG_COMPILER_APPICON_NAME = AppIcon;
				ASSETCATALOG_COMPILER_GLOBAL_ACCENT_COLOR_NAME = AccentColor;
				CODE_SIGN_STYLE = Automatic;
				CURRENT_PROJECT_VERSION = 1;
				DEVELOPMENT_ASSET_PATHS = "\"legendary-Animo/Preview Content\"";
				DEVELOPMENT_TEAM = RCBAHMPTTF;
				ENABLE_PREVIEWS = YES;
				GENERATE_INFOPLIST_FILE = YES;
				INFOPLIST_KEY_UIApplicationSceneManifest_Generation = YES;
				INFOPLIST_KEY_UIApplicationSupportsIndirectInputEvents = YES;
				INFOPLIST_KEY_UILaunchScreen_Generation = YES;
				INFOPLIST_KEY_UISupportedInterfaceOrientations_iPad = "UIInterfaceOrientationPortrait UIInterfaceOrientationPortraitUpsideDown UIInterfaceOrientationLandscapeLeft UIInterfaceOrientationLandscapeRight";
				INFOPLIST_KEY_UISupportedInterfaceOrientations_iPhone = "UIInterfaceOrientationPortrait UIInterfaceOrientationLandscapeLeft UIInterfaceOrientationLandscapeRight";
				IPHONEOS_DEPLOYMENT_TARGET = 17.0;
				LD_RUNPATH_SEARCH_PATHS = (
					"$(inherited)",
					"@executable_path/Frameworks",
				);
				MARKETING_VERSION = 1.0;
				PRODUCT_BUNDLE_IDENTIFIER = "vapps.legendary-Animo";
				PRODUCT_NAME = "$(TARGET_NAME)";
				SWIFT_EMIT_LOC_STRINGS = YES;
				SWIFT_VERSION = 5.0;
				TARGETED_DEVICE_FAMILY = "1,2";
			};
			name = Release;
		};
/* End XCBuildConfiguration section */

/* Begin XCConfigurationList section */
		D3A8B6622A965F69005E69D4 /* Build configuration list for PBXProject "legendary-Animo" */ = {
			isa = XCConfigurationList;
			buildConfigurations = (
				D3A8B6732A965F6B005E69D4 /* Debug */,
				D3A8B6742A965F6B005E69D4 /* Release */,
			);
			defaultConfigurationIsVisible = 0;
			defaultConfigurationName = Release;
		};
		D3A8B6752A965F6B005E69D4 /* Build configuration list for PBXNativeTarget "legendary-Animo" */ = {
			isa = XCConfigurationList;
			buildConfigurations = (
				D3A8B6762A965F6B005E69D4 /* Debug */,
				D3A8B6772A965F6B005E69D4 /* Release */,
			);
			defaultConfigurationIsVisible = 0;
			defaultConfigurationName = Release;
		};
/* End XCConfigurationList section */
	};
	rootObject = D3A8B65F2A965F69005E69D4 /* Project object */;
}
